
Microsoft Visual Studio Solution File, Format Version 12.00
# Visual Studio Version 16
VisualStudioVersion = 16.0.30114.105
MinimumVisualStudioVersion = 10.0.40219.1
Project("{FAE04EC0-301F-11D3-BF4B-00C04F79EFBC}") = "TwainCapabilityTester", "TwainCapabilityTester\TwainCapabilityTester.csproj", "{153653D2-76D1-4621-9A91-EEEBF4871CF7}"
EndProject
Global
	GlobalSection(SolutionConfigurationPlatforms) = preSolution
		Debug|Any CPU = Debug|Any CPU
		Release|Any CPU = Release|Any CPU
	EndGlobalSection
	GlobalSection(ProjectConfigurationPlatforms) = postSolution
		{153653D2-76D1-4621-9A91-EEEBF4871CF7}.Debug|Any CPU.ActiveCfg = Debug|Any CPU
		{153653D2-76D1-4621-9A91-EEEBF4871CF7}.Debug|Any CPU.Build.0 = Debug|Any CPU
		{153653D2-76D1-4621-9A91-EEEBF4871CF7}.Release|Any CPU.ActiveCfg = Release|Any CPU
		{153653D2-76D1-4621-9A91-EEEBF4871CF7}.Release|Any CPU.Build.0 = Release|Any CPU
	EndGlobalSection
	GlobalSection(SolutionProperties) = preSolution
		HideSolutionNode = FALSE
	EndGlobalSection
	GlobalSection(ExtensibilityGlobals) = postSolution
		SolutionGuid = {2CAA2D8D-0E80-4221-8748-E7216D4F8BA6}
	EndGlobalSection
EndGlobal
